
Microsoft Visual Studio Solution File, Format Version 12.00
# Visual Studio Version 17
VisualStudioVersion = 17.7.34202.233
MinimumVisualStudioVersion = 10.0.40219.1
Project("{8BC9CEB8-8B4A-11D0-8D11-00A0C91BC942}") = "TrabalhoGA", "TrabalhoGA.vcxproj", "{09E9D5E2-97DB-4261-A3DC-48535804BE9A}"
EndProject
Global
	GlobalSection(SolutionConfigurationPlatforms) = preSolution
		Debug|x64 = Debug|x64
		Debug|x86 = Debug|x86
		Release|x64 = Release|x64
		Release|x86 = Release|x86
	EndGlobalSection
	GlobalSection(ProjectConfigurationPlatforms) = postSolution
		{09E9D5E2-97DB-4261-A3DC-48535804BE9A}.Debug|x64.ActiveCfg = Debug|x64
		{09E9D5E2-97DB-4261-A3DC-48535804BE9A}.Debug|x64.Build.0 = Debug|x64
		{09E9D5E2-97DB-4261-A3DC-48535804BE9A}.Debug|x86.ActiveCfg = Debug|Win32
		{09E9D5E2-97DB-4261-A3DC-48535804BE9A}.Debug|x86.Build.0 = Debug|Win32
		{09E9D5E2-97DB-4261-A3DC-48535804BE9A}.Release|x64.ActiveCfg = Release|x64
		{09E9D5E2-97DB-4261-A3DC-48535804BE9A}.Release|x64.Build.0 = Release|x64
		{09E9D5E2-97DB-4261-A3DC-48535804BE9A}.Release|x86.ActiveCfg = Release|Win32
		{09E9D5E2-97DB-4261-A3DC-48535804BE9A}.Release|x86.Build.0 = Release|Win32
	EndGlobalSection
	GlobalSection(SolutionProperties) = preSolution
		HideSolutionNode = FALSE
	EndGlobalSection
	GlobalSection(ExtensibilityGlobals) = postSolution
		SolutionGuid = {DAE6AC27-5679-4AC7-A521-A2729D5820F3}
	EndGlobalSection
EndGlobal
